{
  "name": "arthi",
  "version": "0.1.0",
  "lockfileVersion": 1,
  "requires": true,
  "dependencies": {
    "@turf/bbox": {
      "version": "4.5.2",
      "resolved": "https://registry.npmjs.org/@turf/bbox/-/bbox-4.5.2.tgz",
      "integrity": "sha1-GmxufQ6gOybLwU1G5t9AiuPd+Ho=",
      "requires": {
        "@turf/meta": "4.5.2"
      }
    },
    "@turf/helpers": {
      "version": "4.5.2",
      "resolved": "https://registry.npmjs.org/@turf/helpers/-/helpers-4.5.2.tgz",
      "integrity": "sha1-b8Z3KnswHyd7SXMpJcNUx/uF0d8="
    },
    "@turf/meta": {
      "version": "4.5.2",
      "resolved": "https://registry.npmjs.org/@turf/meta/-/meta-4.5.2.tgz",
      "integrity": "sha1-hFD8RC0qWUlCUaWlKuUgAX4tzw0="
    },
    "deep-equal": {
      "version": "1.0.1",
      "resolved": "https://registry.npmjs.org/deep-equal/-/deep-equal-1.0.1.tgz",
      "integrity": "sha1-9dJgKStmDghO/0zbyfCK0yR0SLU="
    },
    "kdbush": {
      "version": "1.0.1",
      "resolved": "https://registry.npmjs.org/kdbush/-/kdbush-1.0.1.tgz",
      "integrity": "sha1-PL0D6d6tnA9vZszblkUOXOzGQOA="
    },
    "react-mapbox-gl": {
      "version": "2.1.0",
      "resolved": "https://registry.npmjs.org/react-mapbox-gl/-/react-mapbox-gl-2.1.0.tgz",
      "integrity": "sha1-QVk3kA+Q8236WKaHPITH4eN4PAc=",
      "requires": {
        "@turf/bbox": "4.5.2",
        "@turf/helpers": "4.5.2",
        "deep-equal": "1.0.1",
        "supercluster": "2.3.0"
      }
    },
    "supercluster": {
      "version": "2.3.0",
      "resolved": "https://registry.npmjs.org/supercluster/-/supercluster-2.3.0.tgz",
      "integrity": "sha1-h6tWCBu+qaHXJN9TUe6ejDry9Is=",
      "requires": {
        "kdbush": "1.0.1"
      }
    }
  }
}
